// !$*UTF8*$!
{
	archiveVersion = 1;
	classes = {
	};
	objectVersion = 46;
	objects = {

/* Begin PBXBuildFile section */
		523A17AA1C7EC10100190F3D /* main.m in Sources */ = {isa = PBXBuildFile; fileRef = 523A17A91C7EC10100190F3D /* main.m */; };
		523A17AD1C7EC10100190F3D /* AppDelegate.m in Sources */ = {isa = PBXBuildFile; fileRef = 523A17AC1C7EC10100190F3D /* AppDelegate.m */; };
		523A17B01C7EC10100190F3D /* ViewController.m in Sources */ = {isa = PBXBuildFile; fileRef = 523A17AF1C7EC10100190F3D /* ViewController.m */; };
		523A17B31C7EC10100190F3D /* Main.storyboard in Resources */ = {isa = PBXBuildFile; fileRef = 523A17B11C7EC10100190F3D /* Main.storyboard */; };
		523A17B51C7EC10100190F3D /* Assets.xcassets in Resources */ = {isa = PBXBuildFile; fileRef = 523A17B41C7EC10100190F3D /* Assets.xcassets */; };
		523A17B81C7EC10100190F3D /* LaunchScreen.storyboard in Resources */ = {isa = PBXBuildFile; fileRef = 523A17B61C7EC10100190F3D /* LaunchScreen.storyboard */; };
		523A17C31C7EC10200190F3D /* KeyBoardTests.m in Sources */ = {isa = PBXBuildFile; fileRef = 523A17C21C7EC10200190F3D /* KeyBoardTests.m */; };
		523A17CE1C7EC10200190F3D /* KeyBoardUITests.m in Sources */ = {isa = PBXBuildFile; fileRef = 523A17CD1C7EC10200190F3D /* KeyBoardUITests.m */; };
		523A17DD1C7EC14E00190F3D /* KeyBoardHepler.m in Sources */ = {isa = PBXBuildFile; fileRef = 523A17DC1C7EC14E00190F3D /* KeyBoardHepler.m */; };
/* End PBXBuildFile section */

/* Begin PBXContainerItemProxy section */
		523A17BF1C7EC10200190F3D /* PBXContainerItemProxy */ = {
			isa = PBXContainerItemProxy;
			containerPortal = 523A179D1C7EC10100190F3D /* Project object */;
			proxyType = 1;
			remoteGlobalIDString = 523A17A41C7EC10100190F3D;
			remoteInfo = KeyBoard;
		};
		523A17CA1C7EC10200190F3D /* PBXContainerItemProxy */ = {
			isa = PBXContainerItemProxy;
			containerPortal = 523A179D1C7EC10100190F3D /* Project object */;
			proxyType = 1;
			remoteGlobalIDString = 523A17A41C7EC10100190F3D;
			remoteInfo = KeyBoard;
		};
/* End PBXContainerItemProxy section */

/* Begin PBXFileReference section */
		523A17A51C7EC10100190F3D /* KeyBoard.app */ = {isa = PBXFileReference; explicitFileType = wrapper.application; includeInIndex = 0; path = KeyBoard.app; sourceTree = BUILT_PRODUCTS_DIR; };
		523A17A91C7EC10100190F3D /* main.m */ = {isa = PBXFileReference; lastKnownFileType = sourcecode.c.objc; path = main.m; sourceTree = "<group>"; };
		523A17AB1C7EC10100190F3D /* AppDelegate.h */ = {isa = PBXFileReference; lastKnownFileType = sourcecode.c.h; path = AppDelegate.h; sourceTree = "<group>"; };
		523A17AC1C7EC10100190F3D /* AppDelegate.m */ = {isa = PBXFileReference; lastKnownFileType = sourcecode.c.objc; path = AppDelegate.m; sourceTree = "<group>"; };
		523A17AE1C7EC10100190F3D /* ViewController.h */ = {isa = PBXFileReference; lastKnownFileType = sourcecode.c.h; path = ViewController.h; sourceTree = "<group>"; };
		523A17AF1C7EC10100190F3D /* ViewController.m */ = {isa = PBXFileReference; lastKnownFileType = sourcecode.c.objc; path = ViewController.m; sourceTree = "<group>"; };
		523A17B21C7EC10100190F3D /* Base */ = {isa = PBXFileReference; lastKnownFileType = file.storyboard; name = Base; path = Base.lproj/Main.storyboard; sourceTree = "<group>"; };
		523A17B41C7EC10100190F3D /* Assets.xcassets */ = {isa = PBXFileReference; lastKnownFileType = folder.assetcatalog; path = Assets.xcassets; sourceTree = "<group>"; };
		523A17B71C7EC10100190F3D /* Base */ = {isa = PBXFileReference; lastKnownFileType = file.storyboard; name = Base; path = Base.lproj/LaunchScreen.storyboard; sourceTree = "<group>"; };
		523A17B91C7EC10100190F3D /* Info.plist */ = {isa = PBXFileReference; lastKnownFileType = text.plist.xml; path = Info.plist; sourceTree = "<group>"; };
		523A17BE1C7EC10200190F3D /* KeyBoardTests.xctest */ = {isa = PBXFileReference; explicitFileType = wrapper.cfbundle; includeInIndex = 0; path = KeyBoardTests.xctest; sourceTree = BUILT_PRODUCTS_DIR; };
		523A17C21C7EC10200190F3D /* KeyBoardTests.m */ = {isa = PBXFileReference; lastKnownFileType = sourcecode.c.objc; path = KeyBoardTests.m; sourceTree = "<group>"; };
		523A17C41C7EC10200190F3D /* Info.plist */ = {isa = PBXFileReference; lastKnownFileType = text.plist.xml; path = Info.plist; sourceTree = "<group>"; };
		523A17C91C7EC10200190F3D /* KeyBoardUITests.xctest */ = {isa = PBXFileReference; explicitFileType = wrapper.cfbundle; includeInIndex = 0; path = KeyBoardUITests.xctest; sourceTree = BUILT_PRODUCTS_DIR; };
		523A17CD1C7EC10200190F3D /* KeyBoardUITests.m */ = {isa = PBXFileReference; lastKnownFileType = sourcecode.c.objc; path = KeyBoardUITests.m; sourceTree = "<group>"; };
		523A17CF1C7EC10200190F3D /* Info.plist */ = {isa = PBXFileReference; lastKnownFileType = text.plist.xml; path = Info.plist; sourceTree = "<group>"; };
		523A17DB1C7EC14E00190F3D /* KeyBoardHepler.h */ = {isa = PBXFileReference; fileEncoding = 4; lastKnownFileType = sourcecode.c.h; path = KeyBoardHepler.h; sourceTree = "<group>"; };
		523A17DC1C7EC14E00190F3D /* KeyBoardHepler.m */ = {isa = PBXFileReference; fileEncoding = 4; lastKnownFileType = sourcecode.c.objc; path = KeyBoardHepler.m; sourceTree = "<group>"; };
/* End PBXFileReference section */

/* Begin PBXFrameworksBuildPhase section */
		523A17A21C7EC10100190F3D /* Frameworks */ = {
			isa = PBXFrameworksBuildPhase;
			buildActionMask = 2147483647;
			files = (
			);
			runOnlyForDeploymentPostprocessing = 0;
		};
		523A17BB1C7EC10200190F3D /* Frameworks */ = {
			isa = PBXFrameworksBuildPhase;
			buildActionMask = 2147483647;
			files = (
			);
			runOnlyForDeploymentPostprocessing = 0;
		};
		523A17C61C7EC10200190F3D /* Frameworks */ = {
			isa = PBXFrameworksBuildPhase;
			buildActionMask = 2147483647;
			files = (
			);
			runOnlyForDeploymentPostprocessing = 0;
		};
/* End PBXFrameworksBuildPhase section */

/* Begin PBXGroup section */
		523A179C1C7EC10100190F3D = {
			isa = PBXGroup;
			children = (
				523A17A71C7EC10100190F3D /* KeyBoard */,
				523A17C11C7EC10200190F3D /* KeyBoardTests */,
				523A17CC1C7EC10200190F3D /* KeyBoardUITests */,
				523A17A61C7EC10100190F3D /* Products */,
			);
			sourceTree = "<group>";
		};
		523A17A61C7EC10100190F3D /* Products */ = {
			isa = PBXGroup;
			children = (
				523A17A51C7EC10100190F3D /* KeyBoard.app */,
				523A17BE1C7EC10200190F3D /* KeyBoardTests.xctest */,
				523A17C91C7EC10200190F3D /* KeyBoardUITests.xctest */,
			);
			name = Products;
			sourceTree = "<group>";
		};
		523A17A71C7EC10100190F3D /* KeyBoard */ = {
			isa = PBXGroup;
			children = (
				523A17AB1C7EC10100190F3D /* AppDelegate.h */,
				523A17AC1C7EC10100190F3D /* AppDelegate.m */,
				523A17AE1C7EC10100190F3D /* ViewController.h */,
				523A17AF1C7EC10100190F3D /* ViewController.m */,
				523A17B11C7EC10100190F3D /* Main.storyboard */,
				523A17B41C7EC10100190F3D /* Assets.xcassets */,
				523A17B61C7EC10100190F3D /* LaunchScreen.storyboard */,
				523A17B91C7EC10100190F3D /* Info.plist */,
				523A17A81C7EC10100190F3D /* Supporting Files */,
				523A17DE1C7EC9DF00190F3D /* KeyBoardHelper */,
			);
			path = KeyBoard;
			sourceTree = "<group>";
		};
		523A17A81C7EC10100190F3D /* Supporting Files */ = {
			isa = PBXGroup;
			children = (
				523A17A91C7EC10100190F3D /* main.m */,
			);
			name = "Supporting Files";
			sourceTree = "<group>";
		};
		523A17C11C7EC10200190F3D /* KeyBoardTests */ = {
			isa = PBXGroup;
			children = (
				523A17C21C7EC10200190F3D /* KeyBoardTests.m */,
				523A17C41C7EC10200190F3D /* Info.plist */,
			);
			path = KeyBoardTests;
			sourceTree = "<group>";
		};
		523A17CC1C7EC10200190F3D /* KeyBoardUITests */ = {
			isa = PBXGroup;
			children = (
				523A17CD1C7EC10200190F3D /* KeyBoardUITests.m */,
				523A17CF1C7EC10200190F3D /* Info.plist */,
			);
			path = KeyBoardUITests;
			sourceTree = "<group>";
		};
		523A17DE1C7EC9DF00190F3D /* KeyBoardHelper */ = {
			isa = PBXGroup;
			children = (
				523A17DB1C7EC14E00190F3D /* KeyBoardHepler.h */,
				523A17DC1C7EC14E00190F3D /* KeyBoardHepler.m */,
			);
			name = KeyBoardHelper;
			sourceTree = "<group>";
		};
/* End PBXGroup section */

/* Begin PBXNativeTarget section */
		523A17A41C7EC10100190F3D /* KeyBoard */ = {
			isa = PBXNativeTarget;
			buildConfigurationList = 523A17D21C7EC10200190F3D /* Build configuration list for PBXNativeTarget "KeyBoard" */;
			buildPhases = (
				523A17A11C7EC10100190F3D /* Sources */,
				523A17A21C7EC10100190F3D /* Frameworks */,
				523A17A31C7EC10100190F3D /* Resources */,
			);
			buildRules = (
			);
			dependencies = (
			);
			name = KeyBoard;
			productName = KeyBoard;
			productReference = 523A17A51C7EC10100190F3D /* KeyBoard.app */;
			productType = "com.apple.product-type.application";
		};
		523A17BD1C7EC10200190F3D /* KeyBoardTests */ = {
			isa = PBXNativeTarget;
			buildConfigurationList = 523A17D51C7EC10200190F3D /* Build configuration list for PBXNativeTarget "KeyBoardTests" */;
			buildPhases = (
				523A17BA1C7EC10200190F3D /* Sources */,
				523A17BB1C7EC10200190F3D /* Frameworks */,
				523A17BC1C7EC10200190F3D /* Resources */,
			);
			buildRules = (
			);
			dependencies = (
				523A17C01C7EC10200190F3D /* PBXTargetDependency */,
			);
			name = KeyBoardTests;
			productName = KeyBoardTests;
			productReference = 523A17BE1C7EC10200190F3D /* KeyBoardTests.xctest */;
			productType = "com.apple.product-type.bundle.unit-test";
		};
		523A17C81C7EC10200190F3D /* KeyBoardUITests */ = {
			isa = PBXNativeTarget;
			buildConfigurationList = 523A17D81C7EC10200190F3D /* Build configuration list for PBXNativeTarget "KeyBoardUITests" */;
			buildPhases = (
				523A17C51C7EC10200190F3D /* Sources */,
				523A17C61C7EC10200190F3D /* Frameworks */,
				523A17C71C7EC10200190F3D /* Resources */,
			);
			buildRules = (
			);
			dependencies = (
				523A17CB1C7EC10200190F3D /* PBXTargetDependency */,
			);
			name = KeyBoardUITests;
			productName = KeyBoardUITests;
			productReference = 523A17C91C7EC10200190F3D /* KeyBoardUITests.xctest */;
			productType = "com.apple.product-type.bundle.ui-testing";
		};
/* End PBXNativeTarget section */

/* Begin PBXProject section */
		523A179D1C7EC10100190F3D /* Project object */ = {
			isa = PBXProject;
			attributes = {
				LastUpgradeCheck = 0720;
				ORGANIZATIONNAME = "张洋";
				TargetAttributes = {
					523A17A41C7EC10100190F3D = {
						CreatedOnToolsVersion = 7.2.1;
					};
					523A17BD1C7EC10200190F3D = {
						CreatedOnToolsVersion = 7.2.1;
						TestTargetID = 523A17A41C7EC10100190F3D;
					};
					523A17C81C7EC10200190F3D = {
						CreatedOnToolsVersion = 7.2.1;
						TestTargetID = 523A17A41C7EC10100190F3D;
					};
				};
			};
			buildConfigurationList = 523A17A01C7EC10100190F3D /* Build configuration list for PBXProject "KeyBoard" */;
			compatibilityVersion = "Xcode 3.2";
			developmentRegion = English;
			hasScannedForEncodings = 0;
			knownRegions = (
				en,
				Base,
			);
			mainGroup = 523A179C1C7EC10100190F3D;
			productRefGroup = 523A17A61C7EC10100190F3D /* Products */;
			projectDirPath = "";
			projectRoot = "";
			targets = (
				523A17A41C7EC10100190F3D /* KeyBoard */,
				523A17BD1C7EC10200190F3D /* KeyBoardTests */,
				523A17C81C7EC10200190F3D /* KeyBoardUITests */,
			);
		};
/* End PBXProject section */

/* Begin PBXResourcesBuildPhase section */
		523A17A31C7EC10100190F3D /* Resources */ = {
			isa = PBXResourcesBuildPhase;
			buildActionMask = 2147483647;
			files = (
				523A17B81C7EC10100190F3D /* LaunchScreen.storyboard in Resources */,
				523A17B51C7EC10100190F3D /* Assets.xcassets in Resources */,
				523A17B31C7EC10100190F3D /* Main.storyboard in Resources */,
			);
			runOnlyForDeploymentPostprocessing = 0;
		};
		523A17BC1C7EC10200190F3D /* Resources */ = {
			isa = PBXResourcesBuildPhase;
			buildActionMask = 2147483647;
			files = (
			);
			runOnlyForDeploymentPostprocessing = 0;
		};
		523A17C71C7EC10200190F3D /* Resources */ = {
			isa = PBXResourcesBuildPhase;
			buildActionMask = 2147483647;
			files = (
			);
			runOnlyForDeploymentPostprocessing = 0;
		};
/* End PBXResourcesBuildPhase section */

/* Begin PBXSourcesBuildPhase section */
		523A17A11C7EC10100190F3D /* Sources */ = {
			isa = PBXSourcesBuildPhase;
			buildActionMask = 2147483647;
			files = (
				523A17DD1C7EC14E00190F3D /* KeyBoardHepler.m in Sources */,
				523A17B01C7EC10100190F3D /* ViewController.m in Sources */,
				523A17AD1C7EC10100190F3D /* AppDelegate.m in Sources */,
				523A17AA1C7EC10100190F3D /* main.m in Sources */,
			);
			runOnlyForDeploymentPostprocessing = 0;
		};
		523A17BA1C7EC10200190F3D /* Sources */ = {
			isa = PBXSourcesBuildPhase;
			buildActionMask = 2147483647;
			files = (
				523A17C31C7EC10200190F3D /* KeyBoardTests.m in Sources */,
			);
			runOnlyForDeploymentPostprocessing = 0;
		};
		523A17C51C7EC10200190F3D /* Sources */ = {
			isa = PBXSourcesBuildPhase;
			buildActionMask = 2147483647;
			files = (
				523A17CE1C7EC10200190F3D /* KeyBoardUITests.m in Sources */,
			);
			runOnlyForDeploymentPostprocessing = 0;
		};
/* End PBXSourcesBuildPhase section */

/* Begin PBXTargetDependency section */
		523A17C01C7EC10200190F3D /* PBXTargetDependency */ = {
			isa = PBXTargetDependency;
			target = 523A17A41C7EC10100190F3D /* KeyBoard */;
			targetProxy = 523A17BF1C7EC10200190F3D /* PBXContainerItemProxy */;
		};
		523A17CB1C7EC10200190F3D /* PBXTargetDependency */ = {
			isa = PBXTargetDependency;
			target = 523A17A41C7EC10100190F3D /* KeyBoard */;
			targetProxy = 523A17CA1C7EC10200190F3D /* PBXContainerItemProxy */;
		};
/* End PBXTargetDependency section */

/* Begin PBXVariantGroup section */
		523A17B11C7EC10100190F3D /* Main.storyboard */ = {
			isa = PBXVariantGroup;
			children = (
				523A17B21C7EC10100190F3D /* Base */,
			);
			name = Main.storyboard;
			sourceTree = "<group>";
		};
		523A17B61C7EC10100190F3D /* LaunchScreen.storyboard */ = {
			isa = PBXVariantGroup;
			children = (
				523A17B71C7EC10100190F3D /* Base */,
			);
			name = LaunchScreen.storyboard;
			sourceTree = "<group>";
		};
/* End PBXVariantGroup section */

/* Begin XCBuildConfiguration section */
		523A17D01C7EC10200190F3D /* Debug */ = {
			isa = XCBuildConfiguration;
			buildSettings = {
				ALWAYS_SEARCH_USER_PATHS = NO;
				CLANG_CXX_LANGUAGE_STANDARD = "gnu++0x";
				CLANG_CXX_LIBRARY = "libc++";
				CLANG_ENABLE_MODULES = YES;
				CLANG_ENABLE_OBJC_ARC = YES;
				CLANG_WARN_BOOL_CONVERSION = YES;
				CLANG_WARN_CONSTANT_CONVERSION = YES;
				CLANG_WARN_DIRECT_OBJC_ISA_USAGE = YES_ERROR;
				CLANG_WARN_EMPTY_BODY = YES;
				CLANG_WARN_ENUM_CONVERSION = YES;
				CLANG_WARN_INT_CONVERSION = YES;
				CLANG_WARN_OBJC_ROOT_CLASS = YES_ERROR;
				CLANG_WARN_UNREACHABLE_CODE = YES;
				CLANG_WARN__DUPLICATE_METHOD_MATCH = YES;
				"CODE_SIGN_IDENTITY[sdk=iphoneos*]" = "iPhone Developer";
				COPY_PHASE_STRIP = NO;
				DEBUG_INFORMATION_FORMAT = dwarf;
				ENABLE_STRICT_OBJC_MSGSEND = YES;
				ENABLE_TESTABILITY = YES;
				GCC_C_LANGUAGE_STANDARD = gnu99;
				GCC_DYNAMIC_NO_PIC = NO;
				GCC_NO_COMMON_BLOCKS = YES;
				GCC_OPTIMIZATION_LEVEL = 0;
				GCC_PREPROCESSOR_DEFINITIONS = (
					"DEBUG=1",
					"$(inherited)",
				);
				GCC_WARN_64_TO_32_BIT_CONVERSION = YES;
				GCC_WARN_ABOUT_RETURN_TYPE = YES_ERROR;
				GCC_WARN_UNDECLARED_SELECTOR = YES;
				GCC_WARN_UNINITIALIZED_AUTOS = YES_AGGRESSIVE;
				GCC_WARN_UNUSED_FUNCTION = YES;
				GCC_WARN_UNUSED_VARIABLE = YES;
				IPHONEOS_DEPLOYMENT_TARGET = 9.2;
				MTL_ENABLE_DEBUG_INFO = YES;
				ONLY_ACTIVE_ARCH = YES;
				SDKROOT = iphoneos;
				TARGETED_DEVICE_FAMILY = "1,2";
			};
			name = Debug;
		};
		523A17D11C7EC10200190F3D /* Release */ = {
			isa = XCBuildConfiguration;
			buildSettings = {
				ALWAYS_SEARCH_USER_PATHS = NO;
				CLANG_CXX_LANGUAGE_STANDARD = "gnu++0x";
				CLANG_CXX_LIBRARY = "libc++";
				CLANG_ENABLE_MODULES = YES;
				CLANG_ENABLE_OBJC_ARC = YES;
				CLANG_WARN_BOOL_CONVERSION = YES;
				CLANG_WARN_CONSTANT_CONVERSION = YES;
				CLANG_WARN_DIRECT_OBJC_ISA_USAGE = YES_ERROR;
				CLANG_WARN_EMPTY_BODY = YES;
				CLANG_WARN_ENUM_CONVERSION = YES;
				CLANG_WARN_INT_CONVERSION = YES;
				CLANG_WARN_OBJC_ROOT_CLASS = YES_ERROR;
				CLANG_WARN_UNREACHABLE_CODE = YES;
				CLANG_WARN__DUPLICATE_METHOD_MATCH = YES;
				"CODE_SIGN_IDENTITY[sdk=iphoneos*]" = "iPhone Developer";
				COPY_PHASE_STRIP = NO;
				DEBUG_INFORMATION_FORMAT = "dwarf-with-dsym";
				ENABLE_NS_ASSERTIONS = NO;
				ENABLE_STRICT_OBJC_MSGSEND = YES;
				GCC_C_LANGUAGE_STANDARD = gnu99;
				GCC_NO_COMMON_BLOCKS = YES;
				GCC_WARN_64_TO_32_BIT_CONVERSION = YES;
				GCC_WARN_ABOUT_RETURN_TYPE = YES_ERROR;
				GCC_WARN_UNDECLARED_SELECTOR = YES;
				GCC_WARN_UNINITIALIZED_AUTOS = YES_AGGRESSIVE;
				GCC_WARN_UNUSED_FUNCTION = YES;
				GCC_WARN_UNUSED_VARIABLE = YES;
				IPHONEOS_DEPLOYMENT_TARGET = 9.2;
				MTL_ENABLE_DEBUG_INFO = NO;
				SDKROOT = iphoneos;
				TARGETED_DEVICE_FAMILY = "1,2";
				VALIDATE_PRODUCT = YES;
			};
			name = Release;
		};
		523A17D31C7EC10200190F3D /* Debug */ = {
			isa = XCBuildConfiguration;
			buildSettings = {
				ASSETCATALOG_COMPILER_APPICON_NAME = AppIcon;
				INFOPLIST_FILE = KeyBoard/Info.plist;
				LD_RUNPATH_SEARCH_PATHS = "$(inherited) @executable_path/Frameworks";
				PRODUCT_BUNDLE_IDENTIFIER = com.Daniu.KeyBoard;
				PRODUCT_NAME = "$(TARGET_NAME)";
			};
			name = Debug;
		};
		523A17D41C7EC10200190F3D /* Release */ = {
			isa = XCBuildConfiguration;
			buildSettings = {
				ASSETCATALOG_COMPILER_APPICON_NAME = AppIcon;
				INFOPLIST_FILE = KeyBoard/Info.plist;
				LD_RUNPATH_SEARCH_PATHS = "$(inherited) @executable_path/Frameworks";
				PRODUCT_BUNDLE_IDENTIFIER = com.Daniu.KeyBoard;
				PRODUCT_NAME = "$(TARGET_NAME)";
			};
			name = Release;
		};
		523A17D61C7EC10200190F3D /* Debug */ = {
			isa = XCBuildConfiguration;
			buildSettings = {
				BUNDLE_LOADER = "$(TEST_HOST)";
				INFOPLIST_FILE = KeyBoardTests/Info.plist;
				LD_RUNPATH_SEARCH_PATHS = "$(inherited) @executable_path/Frameworks @loader_path/Frameworks";
				PRODUCT_BUNDLE_IDENTIFIER = com.Daniu.KeyBoardTests;
				PRODUCT_NAME = "$(TARGET_NAME)";
				TEST_HOST = "$(BUILT_PRODUCTS_DIR)/KeyBoard.app/KeyBoard";
			};
			name = Debug;
		};
		523A17D71C7EC10200190F3D /* Release */ = {
			isa = XCBuildConfiguration;
			buildSettings = {
				BUNDLE_LOADER = "$(TEST_HOST)";
				INFOPLIST_FILE = KeyBoardTests/Info.plist;
				LD_RUNPATH_SEARCH_PATHS = "$(inherited) @executable_path/Frameworks @loader_path/Frameworks";
				PRODUCT_BUNDLE_IDENTIFIER = com.Daniu.KeyBoardTests;
				PRODUCT_NAME = "$(TARGET_NAME)";
				TEST_HOST = "$(BUILT_PRODUCTS_DIR)/KeyBoard.app/KeyBoard";
			};
			name = Release;
		};
		523A17D91C7EC10200190F3D /* Debug */ = {
			isa = XCBuildConfiguration;
			buildSettings = {
				INFOPLIST_FILE = KeyBoardUITests/Info.plist;
				LD_RUNPATH_SEARCH_PATHS = "$(inherited) @executable_path/Frameworks @loader_path/Frameworks";
				PRODUCT_BUNDLE_IDENTIFIER = com.Daniu.KeyBoardUITests;
				PRODUCT_NAME = "$(TARGET_NAME)";
				TEST_TARGET_NAME = KeyBoard;
				USES_XCTRUNNER = YES;
			};
			name = Debug;
		};
		523A17DA1C7EC10200190F3D /* Release */ = {
			isa = XCBuildConfiguration;
			buildSettings = {
				INFOPLIST_FILE = KeyBoardUITests/Info.plist;
				LD_RUNPATH_SEARCH_PATHS = "$(inherited) @executable_path/Frameworks @loader_path/Frameworks";
				PRODUCT_BUNDLE_IDENTIFIER = com.Daniu.KeyBoardUITests;
				PRODUCT_NAME = "$(TARGET_NAME)";
				TEST_TARGET_NAME = KeyBoard;
				USES_XCTRUNNER = YES;
			};
			name = Release;
		};
/* End XCBuildConfiguration section */

/* Begin XCConfigurationList section */
		523A17A01C7EC10100190F3D /* Build configuration list for PBXProject "KeyBoard" */ = {
			isa = XCConfigurationList;
			buildConfigurations = (
				523A17D01C7EC10200190F3D /* Debug */,
				523A17D11C7EC10200190F3D /* Release */,
			);
			defaultConfigurationIsVisible = 0;
			defaultConfigurationName = Release;
		};
		523A17D21C7EC10200190F3D /* Build configuration list for PBXNativeTarget "KeyBoard" */ = {
			isa = XCConfigurationList;
			buildConfigurations = (
				523A17D31C7EC10200190F3D /* Debug */,
				523A17D41C7EC10200190F3D /* Release */,
			);
			defaultConfigurationIsVisible = 0;
		};
		523A17D51C7EC10200190F3D /* Build configuration list for PBXNativeTarget "KeyBoardTests" */ = {
			isa = XCConfigurationList;
			buildConfigurations = (
				523A17D61C7EC10200190F3D /* Debug */,
				523A17D71C7EC10200190F3D /* Release */,
			);
			defaultConfigurationIsVisible = 0;
		};
		523A17D81C7EC10200190F3D /* Build configuration list for PBXNativeTarget "KeyBoardUITests" */ = {
			isa = XCConfigurationList;
			buildConfigurations = (
				523A17D91C7EC10200190F3D /* Debug */,
				523A17DA1C7EC10200190F3D /* Release */,
			);
			defaultConfigurationIsVisible = 0;
		};
/* End XCConfigurationList section */
	};
	rootObject = 523A179D1C7EC10100190F3D /* Project object */;
}
